
Microsoft Visual Studio Solution File, Format Version 12.00
# Visual Studio 15
Project("{FAE04EC0-301F-11D3-BF4B-00C04F79EFBC}") = "NewAssembly", "NewAssembly.csproj", "{38405F90-1F6E-2E8C-611D-FF6D9B73EC5A}"
EndProject
Project("{FAE04EC0-301F-11D3-BF4B-00C04F79EFBC}") = "Assembly-CSharp", "Assembly-CSharp.csproj", "{0B932D58-3543-453F-D7A4-48D420180C0B}"
EndProject
Global
	GlobalSection(SolutionConfigurationPlatforms) = preSolution
		Debug|Any CPU = Debug|Any CPU
		Release|Any CPU = Release|Any CPU
	EndGlobalSection
	GlobalSection(ProjectConfigurationPlatforms) = postSolution
		{38405F90-1F6E-2E8C-611D-FF6D9B73EC5A}.Debug|Any CPU.ActiveCfg = Debug|Any CPU
		{38405F90-1F6E-2E8C-611D-FF6D9B73EC5A}.Debug|Any CPU.Build.0 = Debug|Any CPU
		{38405F90-1F6E-2E8C-611D-FF6D9B73EC5A}.Release|Any CPU.ActiveCfg = Release|Any CPU
		{38405F90-1F6E-2E8C-611D-FF6D9B73EC5A}.Release|Any CPU.Build.0 = Release|Any CPU
		{0B932D58-3543-453F-D7A4-48D420180C0B}.Debug|Any CPU.ActiveCfg = Debug|Any CPU
		{0B932D58-3543-453F-D7A4-48D420180C0B}.Debug|Any CPU.Build.0 = Debug|Any CPU
		{0B932D58-3543-453F-D7A4-48D420180C0B}.Release|Any CPU.ActiveCfg = Release|Any CPU
		{0B932D58-3543-453F-D7A4-48D420180C0B}.Release|Any CPU.Build.0 = Release|Any CPU
	EndGlobalSection
	GlobalSection(SolutionProperties) = preSolution
		HideSolutionNode = FALSE
	EndGlobalSection
EndGlobal
